
Microsoft Visual Studio Solution File, Format Version 12.00
# Visual Studio Version 16
VisualStudioVersion = 16.0.31515.178
MinimumVisualStudioVersion = 10.0.40219.1
Project("{FAE04EC0-301F-11D3-BF4B-00C04F79EFBC}") = "opgave 20", "opgave 20\opgave 20.csproj", "{2B5E2E23-E6C1-489D-B380-6EEB51D2798D}"
EndProject
Global
	GlobalSection(SolutionConfigurationPlatforms) = preSolution
		Debug|Any CPU = Debug|Any CPU
		Release|Any CPU = Release|Any CPU
	EndGlobalSection
	GlobalSection(ProjectConfigurationPlatforms) = postSolution
		{2B5E2E23-E6C1-489D-B380-6EEB51D2798D}.Debug|Any CPU.ActiveCfg = Debug|Any CPU
		{2B5E2E23-E6C1-489D-B380-6EEB51D2798D}.Debug|Any CPU.Build.0 = Debug|Any CPU
		{2B5E2E23-E6C1-489D-B380-6EEB51D2798D}.Release|Any CPU.ActiveCfg = Release|Any CPU
		{2B5E2E23-E6C1-489D-B380-6EEB51D2798D}.Release|Any CPU.Build.0 = Release|Any CPU
	EndGlobalSection
	GlobalSection(SolutionProperties) = preSolution
		HideSolutionNode = FALSE
	EndGlobalSection
	GlobalSection(ExtensibilityGlobals) = postSolution
		SolutionGuid = {8CE440A4-C3D8-47FB-8825-21710C0C9E2C}
	EndGlobalSection
EndGlobal
