
Microsoft Visual Studio Solution File, Format Version 12.00
# Visual Studio Version 16
VisualStudioVersion = 16.0.31515.178
MinimumVisualStudioVersion = 10.0.40219.1
Project("{FAE04EC0-301F-11D3-BF4B-00C04F79EFBC}") = "opgave 14", "opgave 14\opgave 14.csproj", "{D2B430C0-3C9B-4FAE-89F5-3A59F5BE5043}"
EndProject
Global
	GlobalSection(SolutionConfigurationPlatforms) = preSolution
		Debug|Any CPU = Debug|Any CPU
		Release|Any CPU = Release|Any CPU
	EndGlobalSection
	GlobalSection(ProjectConfigurationPlatforms) = postSolution
		{D2B430C0-3C9B-4FAE-89F5-3A59F5BE5043}.Debug|Any CPU.ActiveCfg = Debug|Any CPU
		{D2B430C0-3C9B-4FAE-89F5-3A59F5BE5043}.Debug|Any CPU.Build.0 = Debug|Any CPU
		{D2B430C0-3C9B-4FAE-89F5-3A59F5BE5043}.Release|Any CPU.ActiveCfg = Release|Any CPU
		{D2B430C0-3C9B-4FAE-89F5-3A59F5BE5043}.Release|Any CPU.Build.0 = Release|Any CPU
	EndGlobalSection
	GlobalSection(SolutionProperties) = preSolution
		HideSolutionNode = FALSE
	EndGlobalSection
	GlobalSection(ExtensibilityGlobals) = postSolution
		SolutionGuid = {94F335E8-0ADC-4084-90BD-144937E53C00}
	EndGlobalSection
EndGlobal
