
Microsoft Visual Studio Solution File, Format Version 12.00
# Visual Studio Version 16
VisualStudioVersion = 16.0.31515.178
MinimumVisualStudioVersion = 10.0.40219.1
Project("{FAE04EC0-301F-11D3-BF4B-00C04F79EFBC}") = "opgave 10", "opgave 10\opgave 10.csproj", "{D106976A-CCCB-497C-8657-CC7FCC460F1D}"
EndProject
Global
	GlobalSection(SolutionConfigurationPlatforms) = preSolution
		Debug|Any CPU = Debug|Any CPU
		Release|Any CPU = Release|Any CPU
	EndGlobalSection
	GlobalSection(ProjectConfigurationPlatforms) = postSolution
		{D106976A-CCCB-497C-8657-CC7FCC460F1D}.Debug|Any CPU.ActiveCfg = Debug|Any CPU
		{D106976A-CCCB-497C-8657-CC7FCC460F1D}.Debug|Any CPU.Build.0 = Debug|Any CPU
		{D106976A-CCCB-497C-8657-CC7FCC460F1D}.Release|Any CPU.ActiveCfg = Release|Any CPU
		{D106976A-CCCB-497C-8657-CC7FCC460F1D}.Release|Any CPU.Build.0 = Release|Any CPU
	EndGlobalSection
	GlobalSection(SolutionProperties) = preSolution
		HideSolutionNode = FALSE
	EndGlobalSection
	GlobalSection(ExtensibilityGlobals) = postSolution
		SolutionGuid = {BB7E0DD3-D02D-48C6-B180-EA9971BEACBE}
	EndGlobalSection
EndGlobal
