
Microsoft Visual Studio Solution File, Format Version 12.00
# Visual Studio Version 16
VisualStudioVersion = 16.0.31515.178
MinimumVisualStudioVersion = 10.0.40219.1
Project("{FAE04EC0-301F-11D3-BF4B-00C04F79EFBC}") = "opgave 43", "opgave 43\opgave 43.csproj", "{FBA51030-8129-4CB5-B4CA-A7E868B3609B}"
EndProject
Global
	GlobalSection(SolutionConfigurationPlatforms) = preSolution
		Debug|Any CPU = Debug|Any CPU
		Release|Any CPU = Release|Any CPU
	EndGlobalSection
	GlobalSection(ProjectConfigurationPlatforms) = postSolution
		{FBA51030-8129-4CB5-B4CA-A7E868B3609B}.Debug|Any CPU.ActiveCfg = Debug|Any CPU
		{FBA51030-8129-4CB5-B4CA-A7E868B3609B}.Debug|Any CPU.Build.0 = Debug|Any CPU
		{FBA51030-8129-4CB5-B4CA-A7E868B3609B}.Release|Any CPU.ActiveCfg = Release|Any CPU
		{FBA51030-8129-4CB5-B4CA-A7E868B3609B}.Release|Any CPU.Build.0 = Release|Any CPU
	EndGlobalSection
	GlobalSection(SolutionProperties) = preSolution
		HideSolutionNode = FALSE
	EndGlobalSection
	GlobalSection(ExtensibilityGlobals) = postSolution
		SolutionGuid = {85D4F4F1-569B-4993-BC2A-9D5676DB287B}
	EndGlobalSection
EndGlobal
