
Microsoft Visual Studio Solution File, Format Version 12.00
# Visual Studio Version 16
VisualStudioVersion = 16.0.31515.178
MinimumVisualStudioVersion = 10.0.40219.1
Project("{FAE04EC0-301F-11D3-BF4B-00C04F79EFBC}") = "opgave 35", "opgave 35\opgave 35.csproj", "{2B994F56-BDCB-4585-B73A-DA65374E1A22}"
EndProject
Global
	GlobalSection(SolutionConfigurationPlatforms) = preSolution
		Debug|Any CPU = Debug|Any CPU
		Release|Any CPU = Release|Any CPU
	EndGlobalSection
	GlobalSection(ProjectConfigurationPlatforms) = postSolution
		{2B994F56-BDCB-4585-B73A-DA65374E1A22}.Debug|Any CPU.ActiveCfg = Debug|Any CPU
		{2B994F56-BDCB-4585-B73A-DA65374E1A22}.Debug|Any CPU.Build.0 = Debug|Any CPU
		{2B994F56-BDCB-4585-B73A-DA65374E1A22}.Release|Any CPU.ActiveCfg = Release|Any CPU
		{2B994F56-BDCB-4585-B73A-DA65374E1A22}.Release|Any CPU.Build.0 = Release|Any CPU
	EndGlobalSection
	GlobalSection(SolutionProperties) = preSolution
		HideSolutionNode = FALSE
	EndGlobalSection
	GlobalSection(ExtensibilityGlobals) = postSolution
		SolutionGuid = {91F842FC-ADF8-4A81-83C5-8562AF095DDA}
	EndGlobalSection
EndGlobal
