
Microsoft Visual Studio Solution File, Format Version 12.00
# Visual Studio Version 16
VisualStudioVersion = 16.0.31515.178
MinimumVisualStudioVersion = 10.0.40219.1
Project("{FAE04EC0-301F-11D3-BF4B-00C04F79EFBC}") = "opgave 48", "opgave 48\opgave 48.csproj", "{84CF2BA3-BF0C-4AE3-A5F0-9DFC3D0EE462}"
EndProject
Global
	GlobalSection(SolutionConfigurationPlatforms) = preSolution
		Debug|Any CPU = Debug|Any CPU
		Release|Any CPU = Release|Any CPU
	EndGlobalSection
	GlobalSection(ProjectConfigurationPlatforms) = postSolution
		{84CF2BA3-BF0C-4AE3-A5F0-9DFC3D0EE462}.Debug|Any CPU.ActiveCfg = Debug|Any CPU
		{84CF2BA3-BF0C-4AE3-A5F0-9DFC3D0EE462}.Debug|Any CPU.Build.0 = Debug|Any CPU
		{84CF2BA3-BF0C-4AE3-A5F0-9DFC3D0EE462}.Release|Any CPU.ActiveCfg = Release|Any CPU
		{84CF2BA3-BF0C-4AE3-A5F0-9DFC3D0EE462}.Release|Any CPU.Build.0 = Release|Any CPU
	EndGlobalSection
	GlobalSection(SolutionProperties) = preSolution
		HideSolutionNode = FALSE
	EndGlobalSection
	GlobalSection(ExtensibilityGlobals) = postSolution
		SolutionGuid = {F782A1C2-F0CE-4147-B33F-37771F4266B1}
	EndGlobalSection
EndGlobal
