
Microsoft Visual Studio Solution File, Format Version 12.00
# Visual Studio Version 16
VisualStudioVersion = 16.0.31515.178
MinimumVisualStudioVersion = 10.0.40219.1
Project("{FAE04EC0-301F-11D3-BF4B-00C04F79EFBC}") = "opgave 56", "opgave 56\opgave 56.csproj", "{EDFD1791-D645-42B3-B271-F59FA86B1644}"
EndProject
Global
	GlobalSection(SolutionConfigurationPlatforms) = preSolution
		Debug|Any CPU = Debug|Any CPU
		Release|Any CPU = Release|Any CPU
	EndGlobalSection
	GlobalSection(ProjectConfigurationPlatforms) = postSolution
		{EDFD1791-D645-42B3-B271-F59FA86B1644}.Debug|Any CPU.ActiveCfg = Debug|Any CPU
		{EDFD1791-D645-42B3-B271-F59FA86B1644}.Debug|Any CPU.Build.0 = Debug|Any CPU
		{EDFD1791-D645-42B3-B271-F59FA86B1644}.Release|Any CPU.ActiveCfg = Release|Any CPU
		{EDFD1791-D645-42B3-B271-F59FA86B1644}.Release|Any CPU.Build.0 = Release|Any CPU
	EndGlobalSection
	GlobalSection(SolutionProperties) = preSolution
		HideSolutionNode = FALSE
	EndGlobalSection
	GlobalSection(ExtensibilityGlobals) = postSolution
		SolutionGuid = {C3354CF5-D653-4FEB-BCB4-D516CCBD1BDC}
	EndGlobalSection
EndGlobal
