
Microsoft Visual Studio Solution File, Format Version 12.00
# Visual Studio Version 16
VisualStudioVersion = 16.0.31515.178
MinimumVisualStudioVersion = 10.0.40219.1
Project("{FAE04EC0-301F-11D3-BF4B-00C04F79EFBC}") = "opgave 49", "opgave 49\opgave 49.csproj", "{7ECC2557-953B-4DEA-BECB-7BFFA53FD9DA}"
EndProject
Global
	GlobalSection(SolutionConfigurationPlatforms) = preSolution
		Debug|Any CPU = Debug|Any CPU
		Release|Any CPU = Release|Any CPU
	EndGlobalSection
	GlobalSection(ProjectConfigurationPlatforms) = postSolution
		{7ECC2557-953B-4DEA-BECB-7BFFA53FD9DA}.Debug|Any CPU.ActiveCfg = Debug|Any CPU
		{7ECC2557-953B-4DEA-BECB-7BFFA53FD9DA}.Debug|Any CPU.Build.0 = Debug|Any CPU
		{7ECC2557-953B-4DEA-BECB-7BFFA53FD9DA}.Release|Any CPU.ActiveCfg = Release|Any CPU
		{7ECC2557-953B-4DEA-BECB-7BFFA53FD9DA}.Release|Any CPU.Build.0 = Release|Any CPU
	EndGlobalSection
	GlobalSection(SolutionProperties) = preSolution
		HideSolutionNode = FALSE
	EndGlobalSection
	GlobalSection(ExtensibilityGlobals) = postSolution
		SolutionGuid = {9D1193FC-A5AD-4815-B2AF-FD5207185DD2}
	EndGlobalSection
EndGlobal
