
Microsoft Visual Studio Solution File, Format Version 12.00
# Visual Studio Version 16
VisualStudioVersion = 16.0.31515.178
MinimumVisualStudioVersion = 10.0.40219.1
Project("{FAE04EC0-301F-11D3-BF4B-00C04F79EFBC}") = "opgave 24", "opgave 24\opgave 24.csproj", "{241550E7-9394-4CDC-B2A1-172D0921AEAF}"
EndProject
Global
	GlobalSection(SolutionConfigurationPlatforms) = preSolution
		Debug|Any CPU = Debug|Any CPU
		Release|Any CPU = Release|Any CPU
	EndGlobalSection
	GlobalSection(ProjectConfigurationPlatforms) = postSolution
		{241550E7-9394-4CDC-B2A1-172D0921AEAF}.Debug|Any CPU.ActiveCfg = Debug|Any CPU
		{241550E7-9394-4CDC-B2A1-172D0921AEAF}.Debug|Any CPU.Build.0 = Debug|Any CPU
		{241550E7-9394-4CDC-B2A1-172D0921AEAF}.Release|Any CPU.ActiveCfg = Release|Any CPU
		{241550E7-9394-4CDC-B2A1-172D0921AEAF}.Release|Any CPU.Build.0 = Release|Any CPU
	EndGlobalSection
	GlobalSection(SolutionProperties) = preSolution
		HideSolutionNode = FALSE
	EndGlobalSection
	GlobalSection(ExtensibilityGlobals) = postSolution
		SolutionGuid = {8E77A054-8FD6-45A2-8832-9DC4AF6479E3}
	EndGlobalSection
EndGlobal
